
Microsoft Visual Studio Solution File, Format Version 12.00
# Visual Studio Version 17
VisualStudioVersion = 17.11.35222.181
MinimumVisualStudioVersion = 10.0.40219.1
Project("{FAE04EC0-301F-11D3-BF4B-00C04F79EFBC}") = "Favorite color app", "Favorite color app\Favorite color app.csproj", "{C0CF5A9E-D600-46D2-9BA1-0B78263ECAD5}"
EndProject
Global
	GlobalSection(SolutionConfigurationPlatforms) = preSolution
		Debug|Any CPU = Debug|Any CPU
		Release|Any CPU = Release|Any CPU
	EndGlobalSection
	GlobalSection(ProjectConfigurationPlatforms) = postSolution
		{C0CF5A9E-D600-46D2-9BA1-0B78263ECAD5}.Debug|Any CPU.ActiveCfg = Debug|Any CPU
		{C0CF5A9E-D600-46D2-9BA1-0B78263ECAD5}.Debug|Any CPU.Build.0 = Debug|Any CPU
		{C0CF5A9E-D600-46D2-9BA1-0B78263ECAD5}.Release|Any CPU.ActiveCfg = Release|Any CPU
		{C0CF5A9E-D600-46D2-9BA1-0B78263ECAD5}.Release|Any CPU.Build.0 = Release|Any CPU
	EndGlobalSection
	GlobalSection(SolutionProperties) = preSolution
		HideSolutionNode = FALSE
	EndGlobalSection
	GlobalSection(ExtensibilityGlobals) = postSolution
		SolutionGuid = {FD5E2A9D-79B0-47E3-A290-A83611F528DD}
	EndGlobalSection
EndGlobal
